// !$*UTF8*$!
{
	archiveVersion = 1;
	classes = {
	};
	objectVersion = 56;
	objects = {

/* Begin PBXBuildFile section */
		C14D8A549B10312C800675C3 /* Pods_JBecerrraEcommerce.framework in Frameworks */ = {isa = PBXBuildFile; fileRef = 0F1D161B5222A5391F3EBC90 /* Pods_JBecerrraEcommerce.framework */; };
		EB1DB527296E256E0061FF8F /* SemestreViewModel.swift in Sources */ = {isa = PBXBuildFile; fileRef = EB1DB526296E256E0061FF8F /* SemestreViewModel.swift */; };
		EB1DB529296E25FB0061FF8F /* Semestre.swift in Sources */ = {isa = PBXBuildFile; fileRef = EB1DB528296E25FB0061FF8F /* Semestre.swift */; };
		EB1DB52B296E29130061FF8F /* iOSDropDown.framework in Frameworks */ = {isa = PBXBuildFile; fileRef = EB1DB52A296E29130061FF8F /* iOSDropDown.framework */; };
		EB407E64295CBA820089FD6B /* Alumno.swift in Sources */ = {isa = PBXBuildFile; fileRef = EB407E63295CBA820089FD6B /* Alumno.swift */; };
		EB407E66295CBC980089FD6B /* AlumnoViewModel.swift in Sources */ = {isa = PBXBuildFile; fileRef = EB407E65295CBC980089FD6B /* AlumnoViewModel.swift */; };
		EB407E68295CBDAE0089FD6B /* Result.swift in Sources */ = {isa = PBXBuildFile; fileRef = EB407E67295CBDAE0089FD6B /* Result.swift */; };
		EB7A3F65295E5BD900EE9DB0 /* GetAllTableViewController.swift in Sources */ = {isa = PBXBuildFile; fileRef = EB7A3F64295E5BD900EE9DB0 /* GetAllTableViewController.swift */; };
		EB7A3F68295E5F8B00EE9DB0 /* AlumnoTableViewCell.swift in Sources */ = {isa = PBXBuildFile; fileRef = EB7A3F66295E5F8B00EE9DB0 /* AlumnoTableViewCell.swift */; };
		EB7A3F69295E5F8B00EE9DB0 /* AlumnoTableViewCell.xib in Resources */ = {isa = PBXBuildFile; fileRef = EB7A3F67295E5F8B00EE9DB0 /* AlumnoTableViewCell.xib */; };
		EB818B2F295BB493006E0E28 /* AppDelegate.swift in Sources */ = {isa = PBXBuildFile; fileRef = EB818B2E295BB493006E0E28 /* AppDelegate.swift */; };
		EB818B31295BB493006E0E28 /* SceneDelegate.swift in Sources */ = {isa = PBXBuildFile; fileRef = EB818B30295BB493006E0E28 /* SceneDelegate.swift */; };
		EB818B33295BB493006E0E28 /* AlumnoFormController.swift in Sources */ = {isa = PBXBuildFile; fileRef = EB818B32295BB493006E0E28 /* AlumnoFormController.swift */; };
		EB818B36295BB493006E0E28 /* Main.storyboard in Resources */ = {isa = PBXBuildFile; fileRef = EB818B34295BB493006E0E28 /* Main.storyboard */; };
		EB818B39295BB493006E0E28 /* JBecerrraEcommerce.xcdatamodeld in Sources */ = {isa = PBXBuildFile; fileRef = EB818B37295BB493006E0E28 /* JBecerrraEcommerce.xcdatamodeld */; };
		EB818B3B295BB495006E0E28 /* Assets.xcassets in Resources */ = {isa = PBXBuildFile; fileRef = EB818B3A295BB495006E0E28 /* Assets.xcassets */; };
		EB818B3E295BB495006E0E28 /* LaunchScreen.storyboard in Resources */ = {isa = PBXBuildFile; fileRef = EB818B3C295BB495006E0E28 /* LaunchScreen.storyboard */; };
		EB818B4A295BB705006E0E28 /* DB.swift in Sources */ = {isa = PBXBuildFile; fileRef = EB818B49295BB705006E0E28 /* DB.swift */; };
		EBCDA38D2967715E0075CD7B /* Usuario.swift in Sources */ = {isa = PBXBuildFile; fileRef = EBCDA38C2967715E0075CD7B /* Usuario.swift */; };
		EBCDA390296780B20075CD7B /* UsuarioViewModel.swift in Sources */ = {isa = PBXBuildFile; fileRef = EBCDA38F296780B20075CD7B /* UsuarioViewModel.swift */; };
		EBCDA3932967831D0075CD7B /* UsuarioFormController.swift in Sources */ = {isa = PBXBuildFile; fileRef = EBCDA3922967831D0075CD7B /* UsuarioFormController.swift */; };
		EBE99C6C296C98AB00095884 /* GoogleService-Info.plist in Resources */ = {isa = PBXBuildFile; fileRef = EBE99C6B296C98AB00095884 /* GoogleService-Info.plist */; };
		EBE99C6F296CCB8A00095884 /* FirebaseAuth in Frameworks */ = {isa = PBXBuildFile; productRef = EBE99C6E296CCB8A00095884 /* FirebaseAuth */; };
		EBE99C71296CCB8A00095884 /* FirebaseFirestore in Frameworks */ = {isa = PBXBuildFile; productRef = EBE99C70296CCB8A00095884 /* FirebaseFirestore */; };
		EBE99C73296CF56700095884 /* Login.swift in Sources */ = {isa = PBXBuildFile; fileRef = EBE99C72296CF56700095884 /* Login.swift */; };
/* End PBXBuildFile section */

/* Begin PBXFileReference section */
		0F1D161B5222A5391F3EBC90 /* Pods_JBecerrraEcommerce.framework */ = {isa = PBXFileReference; explicitFileType = wrapper.framework; includeInIndex = 0; path = Pods_JBecerrraEcommerce.framework; sourceTree = BUILT_PRODUCTS_DIR; };
		213BBFFD82B40412CA90542E /* Pods-JBecerrraEcommerce.release.xcconfig */ = {isa = PBXFileReference; includeInIndex = 1; lastKnownFileType = text.xcconfig; name = "Pods-JBecerrraEcommerce.release.xcconfig"; path = "Target Support Files/Pods-JBecerrraEcommerce/Pods-JBecerrraEcommerce.release.xcconfig"; sourceTree = "<group>"; };
		8FCB26F694D14BE7A090148A /* Pods-JBecerrraEcommerce.debug.xcconfig */ = {isa = PBXFileReference; includeInIndex = 1; lastKnownFileType = text.xcconfig; name = "Pods-JBecerrraEcommerce.debug.xcconfig"; path = "Target Support Files/Pods-JBecerrraEcommerce/Pods-JBecerrraEcommerce.debug.xcconfig"; sourceTree = "<group>"; };
		EB1DB526296E256E0061FF8F /* SemestreViewModel.swift */ = {isa = PBXFileReference; lastKnownFileType = sourcecode.swift; path = SemestreViewModel.swift; sourceTree = "<group>"; };
		EB1DB528296E25FB0061FF8F /* Semestre.swift */ = {isa = PBXFileReference; lastKnownFileType = sourcecode.swift; path = Semestre.swift; sourceTree = "<group>"; };
		EB1DB52A296E29130061FF8F /* iOSDropDown.framework */ = {isa = PBXFileReference; explicitFileType = wrapper.framework; path = iOSDropDown.framework; sourceTree = BUILT_PRODUCTS_DIR; };
		EB407E63295CBA820089FD6B /* Alumno.swift */ = {isa = PBXFileReference; lastKnownFileType = sourcecode.swift; path = Alumno.swift; sourceTree = "<group>"; };
		EB407E65295CBC980089FD6B /* AlumnoViewModel.swift */ = {isa = PBXFileReference; lastKnownFileType = sourcecode.swift; path = AlumnoViewModel.swift; sourceTree = "<group>"; };
		EB407E67295CBDAE0089FD6B /* Result.swift */ = {isa = PBXFileReference; lastKnownFileType = sourcecode.swift; path = Result.swift; sourceTree = "<group>"; };
		EB7A3F64295E5BD900EE9DB0 /* GetAllTableViewController.swift */ = {isa = PBXFileReference; lastKnownFileType = sourcecode.swift; path = GetAllTableViewController.swift; sourceTree = "<group>"; };
		EB7A3F66295E5F8B00EE9DB0 /* AlumnoTableViewCell.swift */ = {isa = PBXFileReference; lastKnownFileType = sourcecode.swift; path = AlumnoTableViewCell.swift; sourceTree = "<group>"; };
		EB7A3F67295E5F8B00EE9DB0 /* AlumnoTableViewCell.xib */ = {isa = PBXFileReference; lastKnownFileType = file.xib; path = AlumnoTableViewCell.xib; sourceTree = "<group>"; };
		EB818B2B295BB493006E0E28 /* JBecerrraEcommerce.app */ = {isa = PBXFileReference; explicitFileType = wrapper.application; includeInIndex = 0; path = JBecerrraEcommerce.app; sourceTree = BUILT_PRODUCTS_DIR; };
		EB818B2E295BB493006E0E28 /* AppDelegate.swift */ = {isa = PBXFileReference; lastKnownFileType = sourcecode.swift; path = AppDelegate.swift; sourceTree = "<group>"; };
		EB818B30295BB493006E0E28 /* SceneDelegate.swift */ = {isa = PBXFileReference; lastKnownFileType = sourcecode.swift; path = SceneDelegate.swift; sourceTree = "<group>"; };
		EB818B32295BB493006E0E28 /* AlumnoFormController.swift */ = {isa = PBXFileReference; lastKnownFileType = sourcecode.swift; path = AlumnoFormController.swift; sourceTree = "<group>"; };
		EB818B35295BB493006E0E28 /* Base */ = {isa = PBXFileReference; lastKnownFileType = file.storyboard; name = Base; path = Base.lproj/Main.storyboard; sourceTree = "<group>"; };
		EB818B38295BB493006E0E28 /* JBecerrraEcommerce.xcdatamodel */ = {isa = PBXFileReference; lastKnownFileType = wrapper.xcdatamodel; path = JBecerrraEcommerce.xcdatamodel; sourceTree = "<group>"; };
		EB818B3A295BB495006E0E28 /* Assets.xcassets */ = {isa = PBXFileReference; lastKnownFileType = folder.assetcatalog; path = Assets.xcassets; sourceTree = "<group>"; };
		EB818B3D295BB495006E0E28 /* Base */ = {isa = PBXFileReference; lastKnownFileType = file.storyboard; name = Base; path = Base.lproj/LaunchScreen.storyboard; sourceTree = "<group>"; };
		EB818B3F295BB495006E0E28 /* Info.plist */ = {isa = PBXFileReference; lastKnownFileType = text.plist.xml; path = Info.plist; sourceTree = "<group>"; };
		EB818B49295BB705006E0E28 /* DB.swift */ = {isa = PBXFileReference; lastKnownFileType = sourcecode.swift; path = DB.swift; sourceTree = "<group>"; };
		EBCDA38C2967715E0075CD7B /* Usuario.swift */ = {isa = PBXFileReference; lastKnownFileType = sourcecode.swift; path = Usuario.swift; sourceTree = "<group>"; };
		EBCDA38F296780B20075CD7B /* UsuarioViewModel.swift */ = {isa = PBXFileReference; lastKnownFileType = sourcecode.swift; path = UsuarioViewModel.swift; sourceTree = "<group>"; };
		EBCDA3922967831D0075CD7B /* UsuarioFormController.swift */ = {isa = PBXFileReference; lastKnownFileType = sourcecode.swift; path = UsuarioFormController.swift; sourceTree = "<group>"; };
		EBE99C6B296C98AB00095884 /* GoogleService-Info.plist */ = {isa = PBXFileReference; fileEncoding = 4; lastKnownFileType = text.plist.xml; name = "GoogleService-Info.plist"; path = "../../../../Downloads/GoogleService-Info.plist"; sourceTree = "<group>"; };
		EBE99C72296CF56700095884 /* Login.swift */ = {isa = PBXFileReference; lastKnownFileType = sourcecode.swift; path = Login.swift; sourceTree = "<group>"; };
/* End PBXFileReference section */

/* Begin PBXFrameworksBuildPhase section */
		EB818B28295BB493006E0E28 /* Frameworks */ = {
			isa = PBXFrameworksBuildPhase;
			buildActionMask = 2147483647;
			files = (
				EB1DB52B296E29130061FF8F /* iOSDropDown.framework in Frameworks */,
				C14D8A549B10312C800675C3 /* Pods_JBecerrraEcommerce.framework in Frameworks */,
				EBE99C6F296CCB8A00095884 /* FirebaseAuth in Frameworks */,
				EBE99C71296CCB8A00095884 /* FirebaseFirestore in Frameworks */,
			);
			runOnlyForDeploymentPostprocessing = 0;
		};
/* End PBXFrameworksBuildPhase section */

/* Begin PBXGroup section */
		2D3246DBE53681334BEF37D7 /* Pods */ = {
			isa = PBXGroup;
			children = (
				8FCB26F694D14BE7A090148A /* Pods-JBecerrraEcommerce.debug.xcconfig */,
				213BBFFD82B40412CA90542E /* Pods-JBecerrraEcommerce.release.xcconfig */,
			);
			path = Pods;
			sourceTree = "<group>";
		};
		75DF2FDDD054C4F2C9CE9AAF /* Frameworks */ = {
			isa = PBXGroup;
			children = (
				EB1DB52A296E29130061FF8F /* iOSDropDown.framework */,
				0F1D161B5222A5391F3EBC90 /* Pods_JBecerrraEcommerce.framework */,
			);
			name = Frameworks;
			sourceTree = "<group>";
		};
		EB7A3F5E295E365B00EE9DB0 /* Alumno */ = {
			isa = PBXGroup;
			children = (
				EB7A3F66295E5F8B00EE9DB0 /* AlumnoTableViewCell.swift */,
				EB818B32295BB493006E0E28 /* AlumnoFormController.swift */,
				EB7A3F64295E5BD900EE9DB0 /* GetAllTableViewController.swift */,
			);
			path = Alumno;
			sourceTree = "<group>";
		};
		EB7A3F63295E5B6C00EE9DB0 /* Alumno */ = {
			isa = PBXGroup;
			children = (
				EB407E65295CBC980089FD6B /* AlumnoViewModel.swift */,
			);
			path = Alumno;
			sourceTree = "<group>";
		};
		EB818B22295BB493006E0E28 = {
			isa = PBXGroup;
			children = (
				EB818B2D295BB493006E0E28 /* JBecerrraEcommerce */,
				EB818B2C295BB493006E0E28 /* Products */,
				2D3246DBE53681334BEF37D7 /* Pods */,
				75DF2FDDD054C4F2C9CE9AAF /* Frameworks */,
			);
			sourceTree = "<group>";
		};
		EB818B2C295BB493006E0E28 /* Products */ = {
			isa = PBXGroup;
			children = (
				EB818B2B295BB493006E0E28 /* JBecerrraEcommerce.app */,
			);
			name = Products;
			sourceTree = "<group>";
		};
		EB818B2D295BB493006E0E28 /* JBecerrraEcommerce */ = {
			isa = PBXGroup;
			children = (
				EB818B2E295BB493006E0E28 /* AppDelegate.swift */,
				EB818B45295BB4A6006E0E28 /* Model */,
				EB818B47295BB4C1006E0E28 /* View */,
				EB818B46295BB4B1006E0E28 /* ViewModel */,
				EB818B48295BB4CA006E0E28 /* Controller */,
				EB818B30295BB493006E0E28 /* SceneDelegate.swift */,
				EB818B3A295BB495006E0E28 /* Assets.xcassets */,
				EB818B3F295BB495006E0E28 /* Info.plist */,
				EBE99C6B296C98AB00095884 /* GoogleService-Info.plist */,
				EB818B37295BB493006E0E28 /* JBecerrraEcommerce.xcdatamodeld */,
			);
			path = JBecerrraEcommerce;
			sourceTree = "<group>";
		};
		EB818B45295BB4A6006E0E28 /* Model */ = {
			isa = PBXGroup;
			children = (
				EB407E63295CBA820089FD6B /* Alumno.swift */,
				EB407E67295CBDAE0089FD6B /* Result.swift */,
				EBCDA38C2967715E0075CD7B /* Usuario.swift */,
				EB1DB528296E25FB0061FF8F /* Semestre.swift */,
			);
			path = Model;
			sourceTree = "<group>";
		};
		EB818B46295BB4B1006E0E28 /* ViewModel */ = {
			isa = PBXGroup;
			children = (
				EBCDA38E2967809F0075CD7B /* Usuario */,
				EB7A3F63295E5B6C00EE9DB0 /* Alumno */,
				EB818B49295BB705006E0E28 /* DB.swift */,
				EB1DB526296E256E0061FF8F /* SemestreViewModel.swift */,
			);
			path = ViewModel;
			sourceTree = "<group>";
		};
		EB818B47295BB4C1006E0E28 /* View */ = {
			isa = PBXGroup;
			children = (
				EB818B34295BB493006E0E28 /* Main.storyboard */,
				EB818B3C295BB495006E0E28 /* LaunchScreen.storyboard */,
				EB7A3F67295E5F8B00EE9DB0 /* AlumnoTableViewCell.xib */,
			);
			path = View;
			sourceTree = "<group>";
		};
		EB818B48295BB4CA006E0E28 /* Controller */ = {
			isa = PBXGroup;
			children = (
				EBCDA391296782FA0075CD7B /* Usuario */,
				EB7A3F5E295E365B00EE9DB0 /* Alumno */,
				EBE99C72296CF56700095884 /* Login.swift */,
			);
			path = Controller;
			sourceTree = "<group>";
		};
		EBCDA38E2967809F0075CD7B /* Usuario */ = {
			isa = PBXGroup;
			children = (
				EBCDA38F296780B20075CD7B /* UsuarioViewModel.swift */,
			);
			path = Usuario;
			sourceTree = "<group>";
		};
		EBCDA391296782FA0075CD7B /* Usuario */ = {
			isa = PBXGroup;
			children = (
				EBCDA3922967831D0075CD7B /* UsuarioFormController.swift */,
			);
			path = Usuario;
			sourceTree = "<group>";
		};
/* End PBXGroup section */

/* Begin PBXNativeTarget section */
		EB818B2A295BB493006E0E28 /* JBecerrraEcommerce */ = {
			isa = PBXNativeTarget;
			buildConfigurationList = EB818B42295BB495006E0E28 /* Build configuration list for PBXNativeTarget "JBecerrraEcommerce" */;
			buildPhases = (
				8FFA560AF31CBC0D9BC97BE7 /* [CP] Check Pods Manifest.lock */,
				EB818B27295BB493006E0E28 /* Sources */,
				EB818B28295BB493006E0E28 /* Frameworks */,
				EB818B29295BB493006E0E28 /* Resources */,
				2ED8610539232E4AED837995 /* [CP] Embed Pods Frameworks */,
			);
			buildRules = (
			);
			dependencies = (
			);
			name = JBecerrraEcommerce;
			packageProductDependencies = (
				EBE99C6E296CCB8A00095884 /* FirebaseAuth */,
				EBE99C70296CCB8A00095884 /* FirebaseFirestore */,
			);
			productName = JBecerrraEcommerce;
			productReference = EB818B2B295BB493006E0E28 /* JBecerrraEcommerce.app */;
			productType = "com.apple.product-type.application";
		};
/* End PBXNativeTarget section */

/* Begin PBXProject section */
		EB818B23295BB493006E0E28 /* Project object */ = {
			isa = PBXProject;
			attributes = {
				BuildIndependentTargetsInParallel = 1;
				LastSwiftUpdateCheck = 1420;
				LastUpgradeCheck = 1420;
				TargetAttributes = {
					EB818B2A295BB493006E0E28 = {
						CreatedOnToolsVersion = 14.2;
					};
				};
			};
			buildConfigurationList = EB818B26295BB493006E0E28 /* Build configuration list for PBXProject "JBecerrraEcommerce" */;
			compatibilityVersion = "Xcode 14.0";
			developmentRegion = en;
			hasScannedForEncodings = 0;
			knownRegions = (
				en,
				Base,
			);
			mainGroup = EB818B22295BB493006E0E28;
			packageReferences = (
				EBE99C6D296CCB8A00095884 /* XCRemoteSwiftPackageReference "firebase-ios-sdk" */,
			);
			productRefGroup = EB818B2C295BB493006E0E28 /* Products */;
			projectDirPath = "";
			projectRoot = "";
			targets = (
				EB818B2A295BB493006E0E28 /* JBecerrraEcommerce */,
			);
		};
/* End PBXProject section */

/* Begin PBXResourcesBuildPhase section */
		EB818B29295BB493006E0E28 /* Resources */ = {
			isa = PBXResourcesBuildPhase;
			buildActionMask = 2147483647;
			files = (
				EB818B3E295BB495006E0E28 /* LaunchScreen.storyboard in Resources */,
				EB818B3B295BB495006E0E28 /* Assets.xcassets in Resources */,
				EBE99C6C296C98AB00095884 /* GoogleService-Info.plist in Resources */,
				EB818B36295BB493006E0E28 /* Main.storyboard in Resources */,
				EB7A3F69295E5F8B00EE9DB0 /* AlumnoTableViewCell.xib in Resources */,
			);
			runOnlyForDeploymentPostprocessing = 0;
		};
/* End PBXResourcesBuildPhase section */

/* Begin PBXShellScriptBuildPhase section */
		2ED8610539232E4AED837995 /* [CP] Embed Pods Frameworks */ = {
			isa = PBXShellScriptBuildPhase;
			buildActionMask = 2147483647;
			files = (
			);
			inputFileListPaths = (
				"${PODS_ROOT}/Target Support Files/Pods-JBecerrraEcommerce/Pods-JBecerrraEcommerce-frameworks-${CONFIGURATION}-input-files.xcfilelist",
			);
			name = "[CP] Embed Pods Frameworks";
			outputFileListPaths = (
				"${PODS_ROOT}/Target Support Files/Pods-JBecerrraEcommerce/Pods-JBecerrraEcommerce-frameworks-${CONFIGURATION}-output-files.xcfilelist",
			);
			runOnlyForDeploymentPostprocessing = 0;
			shellPath = /bin/sh;
			shellScript = "\"${PODS_ROOT}/Target Support Files/Pods-JBecerrraEcommerce/Pods-JBecerrraEcommerce-frameworks.sh\"\n";
			showEnvVarsInLog = 0;
		};
		8FFA560AF31CBC0D9BC97BE7 /* [CP] Check Pods Manifest.lock */ = {
			isa = PBXShellScriptBuildPhase;
			buildActionMask = 2147483647;
			files = (
			);
			inputFileListPaths = (
			);
			inputPaths = (
				"${PODS_PODFILE_DIR_PATH}/Podfile.lock",
				"${PODS_ROOT}/Manifest.lock",
			);
			name = "[CP] Check Pods Manifest.lock";
			outputFileListPaths = (
			);
			outputPaths = (
				"$(DERIVED_FILE_DIR)/Pods-JBecerrraEcommerce-checkManifestLockResult.txt",
			);
			runOnlyForDeploymentPostprocessing = 0;
			shellPath = /bin/sh;
			shellScript = "diff \"${PODS_PODFILE_DIR_PATH}/Podfile.lock\" \"${PODS_ROOT}/Manifest.lock\" > /dev/null\nif [ $? != 0 ] ; then\n    # print error to STDERR\n    echo \"error: The sandbox is not in sync with the Podfile.lock. Run 'pod install' or update your CocoaPods installation.\" >&2\n    exit 1\nfi\n# This output is used by Xcode 'outputs' to avoid re-running this script phase.\necho \"SUCCESS\" > \"${SCRIPT_OUTPUT_FILE_0}\"\n";
			showEnvVarsInLog = 0;
		};
/* End PBXShellScriptBuildPhase section */

/* Begin PBXSourcesBuildPhase section */
		EB818B27295BB493006E0E28 /* Sources */ = {
			isa = PBXSourcesBuildPhase;
			buildActionMask = 2147483647;
			files = (
				EB818B33295BB493006E0E28 /* AlumnoFormController.swift in Sources */,
				EB1DB529296E25FB0061FF8F /* Semestre.swift in Sources */,
				EB407E66295CBC980089FD6B /* AlumnoViewModel.swift in Sources */,
				EB407E64295CBA820089FD6B /* Alumno.swift in Sources */,
				EB7A3F68295E5F8B00EE9DB0 /* AlumnoTableViewCell.swift in Sources */,
				EB7A3F65295E5BD900EE9DB0 /* GetAllTableViewController.swift in Sources */,
				EB1DB527296E256E0061FF8F /* SemestreViewModel.swift in Sources */,
				EBCDA3932967831D0075CD7B /* UsuarioFormController.swift in Sources */,
				EB818B2F295BB493006E0E28 /* AppDelegate.swift in Sources */,
				EBE99C73296CF56700095884 /* Login.swift in Sources */,
				EB818B31295BB493006E0E28 /* SceneDelegate.swift in Sources */,
				EBCDA38D2967715E0075CD7B /* Usuario.swift in Sources */,
				EB818B4A295BB705006E0E28 /* DB.swift in Sources */,
				EB407E68295CBDAE0089FD6B /* Result.swift in Sources */,
				EB818B39295BB493006E0E28 /* JBecerrraEcommerce.xcdatamodeld in Sources */,
				EBCDA390296780B20075CD7B /* UsuarioViewModel.swift in Sources */,
			);
			runOnlyForDeploymentPostprocessing = 0;
		};
/* End PBXSourcesBuildPhase section */

/* Begin PBXVariantGroup section */
		EB818B34295BB493006E0E28 /* Main.storyboard */ = {
			isa = PBXVariantGroup;
			children = (
				EB818B35295BB493006E0E28 /* Base */,
			);
			name = Main.storyboard;
			sourceTree = "<group>";
		};
		EB818B3C295BB495006E0E28 /* LaunchScreen.storyboard */ = {
			isa = PBXVariantGroup;
			children = (
				EB818B3D295BB495006E0E28 /* Base */,
			);
			name = LaunchScreen.storyboard;
			sourceTree = "<group>";
		};
/* End PBXVariantGroup section */

/* Begin XCBuildConfiguration section */
		EB818B40295BB495006E0E28 /* Debug */ = {
			isa = XCBuildConfiguration;
			buildSettings = {
				ALWAYS_SEARCH_USER_PATHS = NO;
				CLANG_ANALYZER_NONNULL = YES;
				CLANG_ANALYZER_NUMBER_OBJECT_CONVERSION = YES_AGGRESSIVE;
				CLANG_CXX_LANGUAGE_STANDARD = "gnu++20";
				CLANG_ENABLE_MODULES = YES;
				CLANG_ENABLE_OBJC_ARC = YES;
				CLANG_ENABLE_OBJC_WEAK = YES;
				CLANG_WARN_BLOCK_CAPTURE_AUTORELEASING = YES;
				CLANG_WARN_BOOL_CONVERSION = YES;
				CLANG_WARN_COMMA = YES;
				CLANG_WARN_CONSTANT_CONVERSION = YES;
				CLANG_WARN_DEPRECATED_OBJC_IMPLEMENTATIONS = YES;
				CLANG_WARN_DIRECT_OBJC_ISA_USAGE = YES_ERROR;
				CLANG_WARN_DOCUMENTATION_COMMENTS = YES;
				CLANG_WARN_EMPTY_BODY = YES;
				CLANG_WARN_ENUM_CONVERSION = YES;
				CLANG_WARN_INFINITE_RECURSION = YES;
				CLANG_WARN_INT_CONVERSION = YES;
				CLANG_WARN_NON_LITERAL_NULL_CONVERSION = YES;
				CLANG_WARN_OBJC_IMPLICIT_RETAIN_SELF = YES;
				CLANG_WARN_OBJC_LITERAL_CONVERSION = YES;
				CLANG_WARN_OBJC_ROOT_CLASS = YES_ERROR;
				CLANG_WARN_QUOTED_INCLUDE_IN_FRAMEWORK_HEADER = YES;
				CLANG_WARN_RANGE_LOOP_ANALYSIS = YES;
				CLANG_WARN_STRICT_PROTOTYPES = YES;
				CLANG_WARN_SUSPICIOUS_MOVE = YES;
				CLANG_WARN_UNGUARDED_AVAILABILITY = YES_AGGRESSIVE;
				CLANG_WARN_UNREACHABLE_CODE = YES;
				CLANG_WARN__DUPLICATE_METHOD_MATCH = YES;
				COPY_PHASE_STRIP = NO;
				DEBUG_INFORMATION_FORMAT = dwarf;
				ENABLE_STRICT_OBJC_MSGSEND = YES;
				ENABLE_TESTABILITY = YES;
				GCC_C_LANGUAGE_STANDARD = gnu11;
				GCC_DYNAMIC_NO_PIC = NO;
				GCC_NO_COMMON_BLOCKS = YES;
				GCC_OPTIMIZATION_LEVEL = 0;
				GCC_PREPROCESSOR_DEFINITIONS = (
					"DEBUG=1",
					"$(inherited)",
				);
				GCC_WARN_64_TO_32_BIT_CONVERSION = YES;
				GCC_WARN_ABOUT_RETURN_TYPE = YES_ERROR;
				GCC_WARN_UNDECLARED_SELECTOR = YES;
				GCC_WARN_UNINITIALIZED_AUTOS = YES_AGGRESSIVE;
				GCC_WARN_UNUSED_FUNCTION = YES;
				GCC_WARN_UNUSED_VARIABLE = YES;
				IPHONEOS_DEPLOYMENT_TARGET = 16.2;
				MTL_ENABLE_DEBUG_INFO = INCLUDE_SOURCE;
				MTL_FAST_MATH = YES;
				ONLY_ACTIVE_ARCH = YES;
				SDKROOT = iphoneos;
				SWIFT_ACTIVE_COMPILATION_CONDITIONS = DEBUG;
				SWIFT_OPTIMIZATION_LEVEL = "-Onone";
			};
			name = Debug;
		};
		EB818B41295BB495006E0E28 /* Release */ = {
			isa = XCBuildConfiguration;
			buildSettings = {
				ALWAYS_SEARCH_USER_PATHS = NO;
				CLANG_ANALYZER_NONNULL = YES;
				CLANG_ANALYZER_NUMBER_OBJECT_CONVERSION = YES_AGGRESSIVE;
				CLANG_CXX_LANGUAGE_STANDARD = "gnu++20";
				CLANG_ENABLE_MODULES = YES;
				CLANG_ENABLE_OBJC_ARC = YES;
				CLANG_ENABLE_OBJC_WEAK = YES;
				CLANG_WARN_BLOCK_CAPTURE_AUTORELEASING = YES;
				CLANG_WARN_BOOL_CONVERSION = YES;
				CLANG_WARN_COMMA = YES;
				CLANG_WARN_CONSTANT_CONVERSION = YES;
				CLANG_WARN_DEPRECATED_OBJC_IMPLEMENTATIONS = YES;
				CLANG_WARN_DIRECT_OBJC_ISA_USAGE = YES_ERROR;
				CLANG_WARN_DOCUMENTATION_COMMENTS = YES;
				CLANG_WARN_EMPTY_BODY = YES;
				CLANG_WARN_ENUM_CONVERSION = YES;
				CLANG_WARN_INFINITE_RECURSION = YES;
				CLANG_WARN_INT_CONVERSION = YES;
				CLANG_WARN_NON_LITERAL_NULL_CONVERSION = YES;
				CLANG_WARN_OBJC_IMPLICIT_RETAIN_SELF = YES;
				CLANG_WARN_OBJC_LITERAL_CONVERSION = YES;
				CLANG_WARN_OBJC_ROOT_CLASS = YES_ERROR;
				CLANG_WARN_QUOTED_INCLUDE_IN_FRAMEWORK_HEADER = YES;
				CLANG_WARN_RANGE_LOOP_ANALYSIS = YES;
				CLANG_WARN_STRICT_PROTOTYPES = YES;
				CLANG_WARN_SUSPICIOUS_MOVE = YES;
				CLANG_WARN_UNGUARDED_AVAILABILITY = YES_AGGRESSIVE;
				CLANG_WARN_UNREACHABLE_CODE = YES;
				CLANG_WARN__DUPLICATE_METHOD_MATCH = YES;
				COPY_PHASE_STRIP = NO;
				DEBUG_INFORMATION_FORMAT = "dwarf-with-dsym";
				ENABLE_NS_ASSERTIONS = NO;
				ENABLE_STRICT_OBJC_MSGSEND = YES;
				GCC_C_LANGUAGE_STANDARD = gnu11;
				GCC_NO_COMMON_BLOCKS = YES;
				GCC_WARN_64_TO_32_BIT_CONVERSION = YES;
				GCC_WARN_ABOUT_RETURN_TYPE = YES_ERROR;
				GCC_WARN_UNDECLARED_SELECTOR = YES;
				GCC_WARN_UNINITIALIZED_AUTOS = YES_AGGRESSIVE;
				GCC_WARN_UNUSED_FUNCTION = YES;
				GCC_WARN_UNUSED_VARIABLE = YES;
				IPHONEOS_DEPLOYMENT_TARGET = 16.2;
				MTL_ENABLE_DEBUG_INFO = NO;
				MTL_FAST_MATH = YES;
				SDKROOT = iphoneos;
				SWIFT_COMPILATION_MODE = wholemodule;
				SWIFT_OPTIMIZATION_LEVEL = "-O";
				VALIDATE_PRODUCT = YES;
			};
			name = Release;
		};
		EB818B43295BB495006E0E28 /* Debug */ = {
			isa = XCBuildConfiguration;
			baseConfigurationReference = 8FCB26F694D14BE7A090148A /* Pods-JBecerrraEcommerce.debug.xcconfig */;
			buildSettings = {
				ASSETCATALOG_COMPILER_APPICON_NAME = AppIcon;
				ASSETCATALOG_COMPILER_GLOBAL_ACCENT_COLOR_NAME = AccentColor;
				CODE_SIGN_STYLE = Automatic;
				CURRENT_PROJECT_VERSION = 1;
				GENERATE_INFOPLIST_FILE = YES;
				INFOPLIST_FILE = JBecerrraEcommerce/Info.plist;
				INFOPLIST_KEY_UIApplicationSupportsIndirectInputEvents = YES;
				INFOPLIST_KEY_UILaunchStoryboardName = LaunchScreen;
				INFOPLIST_KEY_UIMainStoryboardFile = Main;
				INFOPLIST_KEY_UISupportedInterfaceOrientations_iPad = "UIInterfaceOrientationPortrait UIInterfaceOrientationPortraitUpsideDown UIInterfaceOrientationLandscapeLeft UIInterfaceOrientationLandscapeRight";
				INFOPLIST_KEY_UISupportedInterfaceOrientations_iPhone = "UIInterfaceOrientationPortrait UIInterfaceOrientationLandscapeLeft UIInterfaceOrientationLandscapeRight";
				LD_RUNPATH_SEARCH_PATHS = (
					"$(inherited)",
					"@executable_path/Frameworks",
				);
				MARKETING_VERSION = 1.0;
				PRODUCT_BUNDLE_IDENTIFIER = com.digis.JBecerrraEcommerce;
				PRODUCT_NAME = "$(TARGET_NAME)";
				SWIFT_EMIT_LOC_STRINGS = YES;
				SWIFT_VERSION = 5.0;
				TARGETED_DEVICE_FAMILY = "1,2";
			};
			name = Debug;
		};
		EB818B44295BB495006E0E28 /* Release */ = {
			isa = XCBuildConfiguration;
			baseConfigurationReference = 213BBFFD82B40412CA90542E /* Pods-JBecerrraEcommerce.release.xcconfig */;
			buildSettings = {
				ASSETCATALOG_COMPILER_APPICON_NAME = AppIcon;
				ASSETCATALOG_COMPILER_GLOBAL_ACCENT_COLOR_NAME = AccentColor;
				CODE_SIGN_STYLE = Automatic;
				CURRENT_PROJECT_VERSION = 1;
				GENERATE_INFOPLIST_FILE = YES;
				INFOPLIST_FILE = JBecerrraEcommerce/Info.plist;
				INFOPLIST_KEY_UIApplicationSupportsIndirectInputEvents = YES;
				INFOPLIST_KEY_UILaunchStoryboardName = LaunchScreen;
				INFOPLIST_KEY_UIMainStoryboardFile = Main;
				INFOPLIST_KEY_UISupportedInterfaceOrientations_iPad = "UIInterfaceOrientationPortrait UIInterfaceOrientationPortraitUpsideDown UIInterfaceOrientationLandscapeLeft UIInterfaceOrientationLandscapeRight";
				INFOPLIST_KEY_UISupportedInterfaceOrientations_iPhone = "UIInterfaceOrientationPortrait UIInterfaceOrientationLandscapeLeft UIInterfaceOrientationLandscapeRight";
				LD_RUNPATH_SEARCH_PATHS = (
					"$(inherited)",
					"@executable_path/Frameworks",
				);
				MARKETING_VERSION = 1.0;
				PRODUCT_BUNDLE_IDENTIFIER = com.digis.JBecerrraEcommerce;
				PRODUCT_NAME = "$(TARGET_NAME)";
				SWIFT_EMIT_LOC_STRINGS = YES;
				SWIFT_VERSION = 5.0;
				TARGETED_DEVICE_FAMILY = "1,2";
			};
			name = Release;
		};
/* End XCBuildConfiguration section */

/* Begin XCConfigurationList section */
		EB818B26295BB493006E0E28 /* Build configuration list for PBXProject "JBecerrraEcommerce" */ = {
			isa = XCConfigurationList;
			buildConfigurations = (
				EB818B40295BB495006E0E28 /* Debug */,
				EB818B41295BB495006E0E28 /* Release */,
			);
			defaultConfigurationIsVisible = 0;
			defaultConfigurationName = Release;
		};
		EB818B42295BB495006E0E28 /* Build configuration list for PBXNativeTarget "JBecerrraEcommerce" */ = {
			isa = XCConfigurationList;
			buildConfigurations = (
				EB818B43295BB495006E0E28 /* Debug */,
				EB818B44295BB495006E0E28 /* Release */,
			);
			defaultConfigurationIsVisible = 0;
			defaultConfigurationName = Release;
		};
/* End XCConfigurationList section */

/* Begin XCRemoteSwiftPackageReference section */
		EBE99C6D296CCB8A00095884 /* XCRemoteSwiftPackageReference "firebase-ios-sdk" */ = {
			isa = XCRemoteSwiftPackageReference;
			repositoryURL = "https://github.com/firebase/firebase-ios-sdk";
			requirement = {
				kind = upToNextMajorVersion;
				minimumVersion = 9.0.0;
			};
		};
/* End XCRemoteSwiftPackageReference section */

/* Begin XCSwiftPackageProductDependency section */
		EBE99C6E296CCB8A00095884 /* FirebaseAuth */ = {
			isa = XCSwiftPackageProductDependency;
			package = EBE99C6D296CCB8A00095884 /* XCRemoteSwiftPackageReference "firebase-ios-sdk" */;
			productName = FirebaseAuth;
		};
		EBE99C70296CCB8A00095884 /* FirebaseFirestore */ = {
			isa = XCSwiftPackageProductDependency;
			package = EBE99C6D296CCB8A00095884 /* XCRemoteSwiftPackageReference "firebase-ios-sdk" */;
			productName = FirebaseFirestore;
		};
/* End XCSwiftPackageProductDependency section */

/* Begin XCVersionGroup section */
		EB818B37295BB493006E0E28 /* JBecerrraEcommerce.xcdatamodeld */ = {
			isa = XCVersionGroup;
			children = (
				EB818B38295BB493006E0E28 /* JBecerrraEcommerce.xcdatamodel */,
			);
			currentVersion = EB818B38295BB493006E0E28 /* JBecerrraEcommerce.xcdatamodel */;
			path = JBecerrraEcommerce.xcdatamodeld;
			sourceTree = "<group>";
			versionGroupType = wrapper.xcdatamodel;
		};
/* End XCVersionGroup section */
	};
	rootObject = EB818B23295BB493006E0E28 /* Project object */;
}
